// !$*UTF8*$!
{
	archiveVersion = 1;
	classes = {
	};
	objectVersion = 50;
	objects = {

/* Begin PBXBuildFile section */
		D9945EA820A2547A00E4F1A0 /* AppDelegate.swift in Sources */ = {isa = PBXBuildFile; fileRef = D9945EA720A2547A00E4F1A0 /* AppDelegate.swift */; };
		D9945EAA20A2547A00E4F1A0 /* ViewController.swift in Sources */ = {isa = PBXBuildFile; fileRef = D9945EA920A2547A00E4F1A0 /* ViewController.swift */; };
		D9945EAD20A2547A00E4F1A0 /* Main.storyboard in Resources */ = {isa = PBXBuildFile; fileRef = D9945EAB20A2547A00E4F1A0 /* Main.storyboard */; };
		D9945EAF20A2547B00E4F1A0 /* Assets.xcassets in Resources */ = {isa = PBXBuildFile; fileRef = D9945EAE20A2547B00E4F1A0 /* Assets.xcassets */; };
		D9945EB220A2547B00E4F1A0 /* LaunchScreen.storyboard in Resources */ = {isa = PBXBuildFile; fileRef = D9945EB020A2547B00E4F1A0 /* LaunchScreen.storyboard */; };
		D9945EBD20A2547C00E4F1A0 /* ExampleAppTests.swift in Sources */ = {isa = PBXBuildFile; fileRef = D9945EBC20A2547C00E4F1A0 /* ExampleAppTests.swift */; };
		D9945EC820A2547C00E4F1A0 /* ExampleAppUITests.swift in Sources */ = {isa = PBXBuildFile; fileRef = D9945EC720A2547C00E4F1A0 /* ExampleAppUITests.swift */; };
		D9945EEE20A2551F00E4F1A0 /* ExampleSwift.framework in Frameworks */ = {isa = PBXBuildFile; fileRef = D9945EED20A2551F00E4F1A0 /* ExampleSwift.framework */; };
		D9945EF020A2567500E4F1A0 /* ExampleObjC.framework in Frameworks */ = {isa = PBXBuildFile; fileRef = D9945EEF20A2567500E4F1A0 /* ExampleObjC.framework */; };
/* End PBXBuildFile section */

/* Begin PBXContainerItemProxy section */
		D9945EB920A2547C00E4F1A0 /* PBXContainerItemProxy */ = {
			isa = PBXContainerItemProxy;
			containerPortal = D9945E9C20A2547A00E4F1A0 /* Project object */;
			proxyType = 1;
			remoteGlobalIDString = D9945EA320A2547A00E4F1A0;
			remoteInfo = ExampleApp;
		};
		D9945EC420A2547C00E4F1A0 /* PBXContainerItemProxy */ = {
			isa = PBXContainerItemProxy;
			containerPortal = D9945E9C20A2547A00E4F1A0 /* Project object */;
			proxyType = 1;
			remoteGlobalIDString = D9945EA320A2547A00E4F1A0;
			remoteInfo = ExampleApp;
		};
/* End PBXContainerItemProxy section */

/* Begin PBXFileReference section */
		D9945EA420A2547A00E4F1A0 /* ExampleApp.app */ = {isa = PBXFileReference; explicitFileType = wrapper.application; includeInIndex = 0; path = ExampleApp.app; sourceTree = BUILT_PRODUCTS_DIR; };
		D9945EA720A2547A00E4F1A0 /* AppDelegate.swift */ = {isa = PBXFileReference; lastKnownFileType = sourcecode.swift; path = AppDelegate.swift; sourceTree = "<group>"; };
		D9945EA920A2547A00E4F1A0 /* ViewController.swift */ = {isa = PBXFileReference; lastKnownFileType = sourcecode.swift; path = ViewController.swift; sourceTree = "<group>"; };
		D9945EAC20A2547A00E4F1A0 /* Base */ = {isa = PBXFileReference; lastKnownFileType = file.storyboard; name = Base; path = Base.lproj/Main.storyboard; sourceTree = "<group>"; };
		D9945EAE20A2547B00E4F1A0 /* Assets.xcassets */ = {isa = PBXFileReference; lastKnownFileType = folder.assetcatalog; path = Assets.xcassets; sourceTree = "<group>"; };
		D9945EB120A2547B00E4F1A0 /* Base */ = {isa = PBXFileReference; lastKnownFileType = file.storyboard; name = Base; path = Base.lproj/LaunchScreen.storyboard; sourceTree = "<group>"; };
		D9945EB320A2547B00E4F1A0 /* Info.plist */ = {isa = PBXFileReference; lastKnownFileType = text.plist.xml; path = Info.plist; sourceTree = "<group>"; };
		D9945EB820A2547C00E4F1A0 /* ExampleAppTests.xctest */ = {isa = PBXFileReference; explicitFileType = wrapper.cfbundle; includeInIndex = 0; path = ExampleAppTests.xctest; sourceTree = BUILT_PRODUCTS_DIR; };
		D9945EBC20A2547C00E4F1A0 /* ExampleAppTests.swift */ = {isa = PBXFileReference; lastKnownFileType = sourcecode.swift; path = ExampleAppTests.swift; sourceTree = "<group>"; };
		D9945EBE20A2547C00E4F1A0 /* Info.plist */ = {isa = PBXFileReference; lastKnownFileType = text.plist.xml; path = Info.plist; sourceTree = "<group>"; };
		D9945EC320A2547C00E4F1A0 /* ExampleAppUITests.xctest */ = {isa = PBXFileReference; explicitFileType = wrapper.cfbundle; includeInIndex = 0; path = ExampleAppUITests.xctest; sourceTree = BUILT_PRODUCTS_DIR; };
		D9945EC720A2547C00E4F1A0 /* ExampleAppUITests.swift */ = {isa = PBXFileReference; lastKnownFileType = sourcecode.swift; path = ExampleAppUITests.swift; sourceTree = "<group>"; };
		D9945EC920A2547C00E4F1A0 /* Info.plist */ = {isa = PBXFileReference; lastKnownFileType = text.plist.xml; path = Info.plist; sourceTree = "<group>"; };
		D9945EED20A2551F00E4F1A0 /* ExampleSwift.framework */ = {isa = PBXFileReference; explicitFileType = wrapper.framework; path = ExampleSwift.framework; sourceTree = BUILT_PRODUCTS_DIR; };
		D9945EEF20A2567500E4F1A0 /* ExampleObjC.framework */ = {isa = PBXFileReference; explicitFileType = wrapper.framework; path = ExampleObjC.framework; sourceTree = BUILT_PRODUCTS_DIR; };
/* End PBXFileReference section */

/* Begin PBXFrameworksBuildPhase section */
		D9945EA120A2547A00E4F1A0 /* Frameworks */ = {
			isa = PBXFrameworksBuildPhase;
			buildActionMask = 2147483647;
			files = (
				D9945EF020A2567500E4F1A0 /* ExampleObjC.framework in Frameworks */,
				D9945EEE20A2551F00E4F1A0 /* ExampleSwift.framework in Frameworks */,
			);
			runOnlyForDeploymentPostprocessing = 0;
		};
		D9945EB520A2547C00E4F1A0 /* Frameworks */ = {
			isa = PBXFrameworksBuildPhase;
			buildActionMask = 2147483647;
			files = (
			);
			runOnlyForDeploymentPostprocessing = 0;
		};
		D9945EC020A2547C00E4F1A0 /* Frameworks */ = {
			isa = PBXFrameworksBuildPhase;
			buildActionMask = 2147483647;
			files = (
			);
			runOnlyForDeploymentPostprocessing = 0;
		};
/* End PBXFrameworksBuildPhase section */

/* Begin PBXGroup section */
		D9945E9B20A2547A00E4F1A0 = {
			isa = PBXGroup;
			children = (
				D9945EA620A2547A00E4F1A0 /* Source */,
				D9945EBB20A2547C00E4F1A0 /* Tests */,
				D9945EC620A2547C00E4F1A0 /* UITests */,
				D9945EA520A2547A00E4F1A0 /* Products */,
				D9945EEC20A2551F00E4F1A0 /* Frameworks */,
			);
			sourceTree = "<group>";
		};
		D9945EA520A2547A00E4F1A0 /* Products */ = {
			isa = PBXGroup;
			children = (
				D9945EA420A2547A00E4F1A0 /* ExampleApp.app */,
				D9945EB820A2547C00E4F1A0 /* ExampleAppTests.xctest */,
				D9945EC320A2547C00E4F1A0 /* ExampleAppUITests.xctest */,
			);
			name = Products;
			sourceTree = "<group>";
		};
		D9945EA620A2547A00E4F1A0 /* Source */ = {
			isa = PBXGroup;
			children = (
				D9945EA720A2547A00E4F1A0 /* AppDelegate.swift */,
				D9945EA920A2547A00E4F1A0 /* ViewController.swift */,
				D9945EAB20A2547A00E4F1A0 /* Main.storyboard */,
				D9945EAE20A2547B00E4F1A0 /* Assets.xcassets */,
				D9945EB020A2547B00E4F1A0 /* LaunchScreen.storyboard */,
				D9945EB320A2547B00E4F1A0 /* Info.plist */,
			);
			path = Source;
			sourceTree = "<group>";
		};
		D9945EBB20A2547C00E4F1A0 /* Tests */ = {
			isa = PBXGroup;
			children = (
				D9945EBC20A2547C00E4F1A0 /* ExampleAppTests.swift */,
				D9945EBE20A2547C00E4F1A0 /* Info.plist */,
			);
			path = Tests;
			sourceTree = "<group>";
		};
		D9945EC620A2547C00E4F1A0 /* UITests */ = {
			isa = PBXGroup;
			children = (
				D9945EC720A2547C00E4F1A0 /* ExampleAppUITests.swift */,
				D9945EC920A2547C00E4F1A0 /* Info.plist */,
			);
			path = UITests;
			sourceTree = "<group>";
		};
		D9945EEC20A2551F00E4F1A0 /* Frameworks */ = {
			isa = PBXGroup;
			children = (
				D9945EEF20A2567500E4F1A0 /* ExampleObjC.framework */,
				D9945EED20A2551F00E4F1A0 /* ExampleSwift.framework */,
			);
			name = Frameworks;
			sourceTree = "<group>";
		};
/* End PBXGroup section */

/* Begin PBXNativeTarget section */
		D9945EA320A2547A00E4F1A0 /* ExampleApp */ = {
			isa = PBXNativeTarget;
			buildConfigurationList = D9945ECC20A2547C00E4F1A0 /* Build configuration list for PBXNativeTarget "ExampleApp" */;
			buildPhases = (
				D9945EA020A2547A00E4F1A0 /* Sources */,
				D9945EA120A2547A00E4F1A0 /* Frameworks */,
				D9945EA220A2547A00E4F1A0 /* Resources */,
			);
			buildRules = (
			);
			dependencies = (
			);
			name = ExampleApp;
			productName = ExampleApp;
			productReference = D9945EA420A2547A00E4F1A0 /* ExampleApp.app */;
			productType = "com.apple.product-type.application";
		};
		D9945EB720A2547C00E4F1A0 /* ExampleAppTests */ = {
			isa = PBXNativeTarget;
			buildConfigurationList = D9945ECF20A2547C00E4F1A0 /* Build configuration list for PBXNativeTarget "ExampleAppTests" */;
			buildPhases = (
				D9945EB420A2547C00E4F1A0 /* Sources */,
				D9945EB520A2547C00E4F1A0 /* Frameworks */,
				D9945EB620A2547C00E4F1A0 /* Resources */,
			);
			buildRules = (
			);
			dependencies = (
				D9945EBA20A2547C00E4F1A0 /* PBXTargetDependency */,
			);
			name = ExampleAppTests;
			productName = ExampleAppTests;
			productReference = D9945EB820A2547C00E4F1A0 /* ExampleAppTests.xctest */;
			productType = "com.apple.product-type.bundle.unit-test";
		};
		D9945EC220A2547C00E4F1A0 /* ExampleAppUITests */ = {
			isa = PBXNativeTarget;
			buildConfigurationList = D9945ED220A2547C00E4F1A0 /* Build configuration list for PBXNativeTarget "ExampleAppUITests" */;
			buildPhases = (
				D9945EBF20A2547C00E4F1A0 /* Sources */,
				D9945EC020A2547C00E4F1A0 /* Frameworks */,
				D9945EC120A2547C00E4F1A0 /* Resources */,
			);
			buildRules = (
			);
			dependencies = (
				D9945EC520A2547C00E4F1A0 /* PBXTargetDependency */,
			);
			name = ExampleAppUITests;
			productName = ExampleAppUITests;
			productReference = D9945EC320A2547C00E4F1A0 /* ExampleAppUITests.xctest */;
			productType = "com.apple.product-type.bundle.ui-testing";
		};
/* End PBXNativeTarget section */

/* Begin PBXProject section */
		D9945E9C20A2547A00E4F1A0 /* Project object */ = {
			isa = PBXProject;
			attributes = {
				LastSwiftUpdateCheck = 0930;
				LastUpgradeCheck = 0930;
				ORGANIZATIONNAME = Raizlabs;
				TargetAttributes = {
					D9945EA320A2547A00E4F1A0 = {
						CreatedOnToolsVersion = 9.3;
					};
					D9945EB720A2547C00E4F1A0 = {
						CreatedOnToolsVersion = 9.3;
						TestTargetID = D9945EA320A2547A00E4F1A0;
					};
					D9945EC220A2547C00E4F1A0 = {
						CreatedOnToolsVersion = 9.3;
						TestTargetID = D9945EA320A2547A00E4F1A0;
					};
				};
			};
			buildConfigurationList = D9945E9F20A2547A00E4F1A0 /* Build configuration list for PBXProject "ExampleApp" */;
			compatibilityVersion = "Xcode 9.3";
			developmentRegion = en;
			hasScannedForEncodings = 0;
			knownRegions = (
				en,
				Base,
			);
			mainGroup = D9945E9B20A2547A00E4F1A0;
			productRefGroup = D9945EA520A2547A00E4F1A0 /* Products */;
			projectDirPath = "";
			projectRoot = "";
			targets = (
				D9945EA320A2547A00E4F1A0 /* ExampleApp */,
				D9945EB720A2547C00E4F1A0 /* ExampleAppTests */,
				D9945EC220A2547C00E4F1A0 /* ExampleAppUITests */,
			);
		};
/* End PBXProject section */

/* Begin PBXResourcesBuildPhase section */
		D9945EA220A2547A00E4F1A0 /* Resources */ = {
			isa = PBXResourcesBuildPhase;
			buildActionMask = 2147483647;
			files = (
				D9945EB220A2547B00E4F1A0 /* LaunchScreen.storyboard in Resources */,
				D9945EAF20A2547B00E4F1A0 /* Assets.xcassets in Resources */,
				D9945EAD20A2547A00E4F1A0 /* Main.storyboard in Resources */,
			);
			runOnlyForDeploymentPostprocessing = 0;
		};
		D9945EB620A2547C00E4F1A0 /* Resources */ = {
			isa = PBXResourcesBuildPhase;
			buildActionMask = 2147483647;
			files = (
			);
			runOnlyForDeploymentPostprocessing = 0;
		};
		D9945EC120A2547C00E4F1A0 /* Resources */ = {
			isa = PBXResourcesBuildPhase;
			buildActionMask = 2147483647;
			files = (
			);
			runOnlyForDeploymentPostprocessing = 0;
		};
/* End PBXResourcesBuildPhase section */

/* Begin PBXSourcesBuildPhase section */
		D9945EA020A2547A00E4F1A0 /* Sources */ = {
			isa = PBXSourcesBuildPhase;
			buildActionMask = 2147483647;
			files = (
				D9945EAA20A2547A00E4F1A0 /* ViewController.swift in Sources */,
				D9945EA820A2547A00E4F1A0 /* AppDelegate.swift in Sources */,
			);
			runOnlyForDeploymentPostprocessing = 0;
		};
		D9945EB420A2547C00E4F1A0 /* Sources */ = {
			isa = PBXSourcesBuildPhase;
			buildActionMask = 2147483647;
			files = (
				D9945EBD20A2547C00E4F1A0 /* ExampleAppTests.swift in Sources */,
			);
			runOnlyForDeploymentPostprocessing = 0;
		};
		D9945EBF20A2547C00E4F1A0 /* Sources */ = {
			isa = PBXSourcesBuildPhase;
			buildActionMask = 2147483647;
			files = (
				D9945EC820A2547C00E4F1A0 /* ExampleAppUITests.swift in Sources */,
			);
			runOnlyForDeploymentPostprocessing = 0;
		};
/* End PBXSourcesBuildPhase section */

/* Begin PBXTargetDependency section */
		D9945EBA20A2547C00E4F1A0 /* PBXTargetDependency */ = {
			isa = PBXTargetDependency;
			target = D9945EA320A2547A00E4F1A0 /* ExampleApp */;
			targetProxy = D9945EB920A2547C00E4F1A0 /* PBXContainerItemProxy */;
		};
		D9945EC520A2547C00E4F1A0 /* PBXTargetDependency */ = {
			isa = PBXTargetDependency;
			target = D9945EA320A2547A00E4F1A0 /* ExampleApp */;
			targetProxy = D9945EC420A2547C00E4F1A0 /* PBXContainerItemProxy */;
		};
/* End PBXTargetDependency section */

/* Begin PBXVariantGroup section */
		D9945EAB20A2547A00E4F1A0 /* Main.storyboard */ = {
			isa = PBXVariantGroup;
			children = (
				D9945EAC20A2547A00E4F1A0 /* Base */,
			);
			name = Main.storyboard;
			sourceTree = "<group>";
		};
		D9945EB020A2547B00E4F1A0 /* LaunchScreen.storyboard */ = {
			isa = PBXVariantGroup;
			children = (
				D9945EB120A2547B00E4F1A0 /* Base */,
			);
			name = LaunchScreen.storyboard;
			sourceTree = "<group>";
		};
/* End PBXVariantGroup section */

/* Begin XCBuildConfiguration section */
		D9945ECA20A2547C00E4F1A0 /* Debug */ = {
			isa = XCBuildConfiguration;
			buildSettings = {
				ALWAYS_SEARCH_USER_PATHS = NO;
				CLANG_ANALYZER_NONNULL = YES;
				CLANG_ANALYZER_NUMBER_OBJECT_CONVERSION = YES_AGGRESSIVE;
				CLANG_CXX_LANGUAGE_STANDARD = "gnu++14";
				CLANG_CXX_LIBRARY = "libc++";
				CLANG_ENABLE_MODULES = YES;
				CLANG_ENABLE_OBJC_ARC = YES;
				CLANG_ENABLE_OBJC_WEAK = YES;
				CLANG_WARN_BLOCK_CAPTURE_AUTORELEASING = YES;
				CLANG_WARN_BOOL_CONVERSION = YES;
				CLANG_WARN_COMMA = YES;
				CLANG_WARN_CONSTANT_CONVERSION = YES;
				CLANG_WARN_DEPRECATED_OBJC_IMPLEMENTATIONS = YES;
				CLANG_WARN_DIRECT_OBJC_ISA_USAGE = YES_ERROR;
				CLANG_WARN_DOCUMENTATION_COMMENTS = YES;
				CLANG_WARN_EMPTY_BODY = YES;
				CLANG_WARN_ENUM_CONVERSION = YES;
				CLANG_WARN_INFINITE_RECURSION = YES;
				CLANG_WARN_INT_CONVERSION = YES;
				CLANG_WARN_NON_LITERAL_NULL_CONVERSION = YES;
				CLANG_WARN_OBJC_IMPLICIT_RETAIN_SELF = YES;
				CLANG_WARN_OBJC_LITERAL_CONVERSION = YES;
				CLANG_WARN_OBJC_ROOT_CLASS = YES_ERROR;
				CLANG_WARN_RANGE_LOOP_ANALYSIS = YES;
				CLANG_WARN_STRICT_PROTOTYPES = YES;
				CLANG_WARN_SUSPICIOUS_MOVE = YES;
				CLANG_WARN_UNGUARDED_AVAILABILITY = YES_AGGRESSIVE;
				CLANG_WARN_UNREACHABLE_CODE = YES;
				CLANG_WARN__DUPLICATE_METHOD_MATCH = YES;
				CODE_SIGN_IDENTITY = "iPhone Developer";
				COPY_PHASE_STRIP = NO;
				DEBUG_INFORMATION_FORMAT = dwarf;
				ENABLE_STRICT_OBJC_MSGSEND = YES;
				ENABLE_TESTABILITY = YES;
				GCC_C_LANGUAGE_STANDARD = gnu11;
				GCC_DYNAMIC_NO_PIC = NO;
				GCC_NO_COMMON_BLOCKS = YES;
				GCC_OPTIMIZATION_LEVEL = 0;
				GCC_PREPROCESSOR_DEFINITIONS = (
					"DEBUG=1",
					"$(inherited)",
				);
				GCC_WARN_64_TO_32_BIT_CONVERSION = YES;
				GCC_WARN_ABOUT_RETURN_TYPE = YES_ERROR;
				GCC_WARN_UNDECLARED_SELECTOR = YES;
				GCC_WARN_UNINITIALIZED_AUTOS = YES_AGGRESSIVE;
				GCC_WARN_UNUSED_FUNCTION = YES;
				GCC_WARN_UNUSED_VARIABLE = YES;
				IPHONEOS_DEPLOYMENT_TARGET = 11.3;
				MTL_ENABLE_DEBUG_INFO = YES;
				ONLY_ACTIVE_ARCH = YES;
				SDKROOT = iphoneos;
				SWIFT_ACTIVE_COMPILATION_CONDITIONS = DEBUG;
				SWIFT_OPTIMIZATION_LEVEL = "-Onone";
			};
			name = Debug;
		};
		D9945ECB20A2547C00E4F1A0 /* Release */ = {
			isa = XCBuildConfiguration;
			buildSettings = {
				ALWAYS_SEARCH_USER_PATHS = NO;
				CLANG_ANALYZER_NONNULL = YES;
				CLANG_ANALYZER_NUMBER_OBJECT_CONVERSION = YES_AGGRESSIVE;
				CLANG_CXX_LANGUAGE_STANDARD = "gnu++14";
				CLANG_CXX_LIBRARY = "libc++";
				CLANG_ENABLE_MODULES = YES;
				CLANG_ENABLE_OBJC_ARC = YES;
				CLANG_ENABLE_OBJC_WEAK = YES;
				CLANG_WARN_BLOCK_CAPTURE_AUTORELEASING = YES;
				CLANG_WARN_BOOL_CONVERSION = YES;
				CLANG_WARN_COMMA = YES;
				CLANG_WARN_CONSTANT_CONVERSION = YES;
				CLANG_WARN_DEPRECATED_OBJC_IMPLEMENTATIONS = YES;
				CLANG_WARN_DIRECT_OBJC_ISA_USAGE = YES_ERROR;
				CLANG_WARN_DOCUMENTATION_COMMENTS = YES;
				CLANG_WARN_EMPTY_BODY = YES;
				CLANG_WARN_ENUM_CONVERSION = YES;
				CLANG_WARN_INFINITE_RECURSION = YES;
				CLANG_WARN_INT_CONVERSION = YES;
				CLANG_WARN_NON_LITERAL_NULL_CONVERSION = YES;
				CLANG_WARN_OBJC_IMPLICIT_RETAIN_SELF = YES;
				CLANG_WARN_OBJC_LITERAL_CONVERSION = YES;
				CLANG_WARN_OBJC_ROOT_CLASS = YES_ERROR;
				CLANG_WARN_RANGE_LOOP_ANALYSIS = YES;
				CLANG_WARN_STRICT_PROTOTYPES = YES;
				CLANG_WARN_SUSPICIOUS_MOVE = YES;
				CLANG_WARN_UNGUARDED_AVAILABILITY = YES_AGGRESSIVE;
				CLANG_WARN_UNREACHABLE_CODE = YES;
				CLANG_WARN__DUPLICATE_METHOD_MATCH = YES;
				CODE_SIGN_IDENTITY = "iPhone Developer";
				COPY_PHASE_STRIP = NO;
				DEBUG_INFORMATION_FORMAT = "dwarf-with-dsym";
				ENABLE_NS_ASSERTIONS = NO;
				ENABLE_STRICT_OBJC_MSGSEND = YES;
				GCC_C_LANGUAGE_STANDARD = gnu11;
				GCC_NO_COMMON_BLOCKS = YES;
				GCC_WARN_64_TO_32_BIT_CONVERSION = YES;
				GCC_WARN_ABOUT_RETURN_TYPE = YES_ERROR;
				GCC_WARN_UNDECLARED_SELECTOR = YES;
				GCC_WARN_UNINITIALIZED_AUTOS = YES_AGGRESSIVE;
				GCC_WARN_UNUSED_FUNCTION = YES;
				GCC_WARN_UNUSED_VARIABLE = YES;
				IPHONEOS_DEPLOYMENT_TARGET = 11.3;
				MTL_ENABLE_DEBUG_INFO = NO;
				SDKROOT = iphoneos;
				SWIFT_COMPILATION_MODE = wholemodule;
				SWIFT_OPTIMIZATION_LEVEL = "-O";
				VALIDATE_PRODUCT = YES;
			};
			name = Release;
		};
		D9945ECD20A2547C00E4F1A0 /* Debug */ = {
			isa = XCBuildConfiguration;
			buildSettings = {
				ASSETCATALOG_COMPILER_APPICON_NAME = AppIcon;
				CODE_SIGN_STYLE = Automatic;
				INFOPLIST_FILE = Source/Info.plist;
				LD_RUNPATH_SEARCH_PATHS = (
					"$(inherited)",
					"@executable_path/Frameworks",
				);
				PRODUCT_BUNDLE_IDENTIFIER = com.raizlabs.ExampleApp;
				PRODUCT_NAME = "$(TARGET_NAME)";
				SWIFT_VERSION = 4.0;
				TARGETED_DEVICE_FAMILY = "1,2";
			};
			name = Debug;
		};
		D9945ECE20A2547C00E4F1A0 /* Release */ = {
			isa = XCBuildConfiguration;
			buildSettings = {
				ASSETCATALOG_COMPILER_APPICON_NAME = AppIcon;
				CODE_SIGN_STYLE = Automatic;
				INFOPLIST_FILE = Source/Info.plist;
				LD_RUNPATH_SEARCH_PATHS = (
					"$(inherited)",
					"@executable_path/Frameworks",
				);
				PRODUCT_BUNDLE_IDENTIFIER = com.raizlabs.ExampleApp;
				PRODUCT_NAME = "$(TARGET_NAME)";
				SWIFT_VERSION = 4.0;
				TARGETED_DEVICE_FAMILY = "1,2";
			};
			name = Release;
		};
		D9945ED020A2547C00E4F1A0 /* Debug */ = {
			isa = XCBuildConfiguration;
			buildSettings = {
				ALWAYS_EMBED_SWIFT_STANDARD_LIBRARIES = YES;
				BUNDLE_LOADER = "$(TEST_HOST)";
				CODE_SIGN_STYLE = Automatic;
				INFOPLIST_FILE = Tests/Info.plist;
				LD_RUNPATH_SEARCH_PATHS = (
					"$(inherited)",
					"@executable_path/Frameworks",
					"@loader_path/Frameworks",
				);
				PRODUCT_BUNDLE_IDENTIFIER = com.raizlabs.ExampleAppTests;
				PRODUCT_NAME = "$(TARGET_NAME)";
				SWIFT_VERSION = 4.0;
				TARGETED_DEVICE_FAMILY = "1,2";
				TEST_HOST = "$(BUILT_PRODUCTS_DIR)/ExampleApp.app/ExampleApp";
			};
			name = Debug;
		};
		D9945ED120A2547C00E4F1A0 /* Release */ = {
			isa = XCBuildConfiguration;
			buildSettings = {
				ALWAYS_EMBED_SWIFT_STANDARD_LIBRARIES = YES;
				BUNDLE_LOADER = "$(TEST_HOST)";
				CODE_SIGN_STYLE = Automatic;
				INFOPLIST_FILE = Tests/Info.plist;
				LD_RUNPATH_SEARCH_PATHS = (
					"$(inherited)",
					"@executable_path/Frameworks",
					"@loader_path/Frameworks",
				);
				PRODUCT_BUNDLE_IDENTIFIER = com.raizlabs.ExampleAppTests;
				PRODUCT_NAME = "$(TARGET_NAME)";
				SWIFT_VERSION = 4.0;
				TARGETED_DEVICE_FAMILY = "1,2";
				TEST_HOST = "$(BUILT_PRODUCTS_DIR)/ExampleApp.app/ExampleApp";
			};
			name = Release;
		};
		D9945ED320A2547C00E4F1A0 /* Debug */ = {
			isa = XCBuildConfiguration;
			buildSettings = {
				ALWAYS_EMBED_SWIFT_STANDARD_LIBRARIES = YES;
				CODE_SIGN_STYLE = Automatic;
				INFOPLIST_FILE = UITests/Info.plist;
				LD_RUNPATH_SEARCH_PATHS = (
					"$(inherited)",
					"@executable_path/Frameworks",
					"@loader_path/Frameworks",
				);
				PRODUCT_BUNDLE_IDENTIFIER = com.raizlabs.ExampleAppUITests;
				PRODUCT_NAME = "$(TARGET_NAME)";
				SWIFT_VERSION = 4.0;
				TARGETED_DEVICE_FAMILY = "1,2";
				TEST_TARGET_NAME = ExampleApp;
			};
			name = Debug;
		};
		D9945ED420A2547C00E4F1A0 /* Release */ = {
			isa = XCBuildConfiguration;
			buildSettings = {
				ALWAYS_EMBED_SWIFT_STANDARD_LIBRARIES = YES;
				CODE_SIGN_STYLE = Automatic;
				INFOPLIST_FILE = UITests/Info.plist;
				LD_RUNPATH_SEARCH_PATHS = (
					"$(inherited)",
					"@executable_path/Frameworks",
					"@loader_path/Frameworks",
				);
				PRODUCT_BUNDLE_IDENTIFIER = com.raizlabs.ExampleAppUITests;
				PRODUCT_NAME = "$(TARGET_NAME)";
				SWIFT_VERSION = 4.0;
				TARGETED_DEVICE_FAMILY = "1,2";
				TEST_TARGET_NAME = ExampleApp;
			};
			name = Release;
		};
/* End XCBuildConfiguration section */

/* Begin XCConfigurationList section */
		D9945E9F20A2547A00E4F1A0 /* Build configuration list for PBXProject "ExampleApp" */ = {
			isa = XCConfigurationList;
			buildConfigurations = (
				D9945ECA20A2547C00E4F1A0 /* Debug */,
				D9945ECB20A2547C00E4F1A0 /* Release */,
			);
			defaultConfigurationIsVisible = 0;
			defaultConfigurationName = Release;
		};
		D9945ECC20A2547C00E4F1A0 /* Build configuration list for PBXNativeTarget "ExampleApp" */ = {
			isa = XCConfigurationList;
			buildConfigurations = (
				D9945ECD20A2547C00E4F1A0 /* Debug */,
				D9945ECE20A2547C00E4F1A0 /* Release */,
			);
			defaultConfigurationIsVisible = 0;
			defaultConfigurationName = Release;
		};
		D9945ECF20A2547C00E4F1A0 /* Build configuration list for PBXNativeTarget "ExampleAppTests" */ = {
			isa = XCConfigurationList;
			buildConfigurations = (
				D9945ED020A2547C00E4F1A0 /* Debug */,
				D9945ED120A2547C00E4F1A0 /* Release */,
			);
			defaultConfigurationIsVisible = 0;
			defaultConfigurationName = Release;
		};
		D9945ED220A2547C00E4F1A0 /* Build configuration list for PBXNativeTarget "ExampleAppUITests" */ = {
			isa = XCConfigurationList;
			buildConfigurations = (
				D9945ED320A2547C00E4F1A0 /* Debug */,
				D9945ED420A2547C00E4F1A0 /* Release */,
			);
			defaultConfigurationIsVisible = 0;
			defaultConfigurationName = Release;
		};
/* End XCConfigurationList section */
	};
	rootObject = D9945E9C20A2547A00E4F1A0 /* Project object */;
}
